
Microsoft Visual Studio Solution File, Format Version 12.00
# Visual Studio Version 16
VisualStudioVersion = 16.0.30711.63
MinimumVisualStudioVersion = 10.0.40219.1
Project("{9A19103F-16F7-4668-BE54-9A1E7A4F7556}") = "Candle.NET", "Candle.NET\Candle.NET.csproj", "{01DE8D17-899A-45C0-907C-CE9FABFFC184}"
EndProject
Project("{9A19103F-16F7-4668-BE54-9A1E7A4F7556}") = "MirrorNativeApp", "TestApp\MirrorNativeApp\MirrorNativeApp.csproj", "{745404E0-59DE-420A-AF4C-EFF53251B761}"
EndProject
Project("{9A19103F-16F7-4668-BE54-9A1E7A4F7556}") = "SimpleTest", "TestApp\OOApp\SimpleTest.csproj", "{C2E6D347-DEDF-4CF0-B254-DEC9638F3B48}"
EndProject
Project("{8BC9CEB8-8B4A-11D0-8D11-00A0C91BC942}") = "Candle", "Candle\Candle.vcxproj", "{7979386C-6095-41EC-98BA-10DB979A384D}"
EndProject
Global
	GlobalSection(SolutionConfigurationPlatforms) = preSolution
		Debug|x64 = Debug|x64
		Debug|x86 = Debug|x86
		Release|x64 = Release|x64
		Release|x86 = Release|x86
	EndGlobalSection
	GlobalSection(ProjectConfigurationPlatforms) = postSolution
		{01DE8D17-899A-45C0-907C-CE9FABFFC184}.Debug|x64.ActiveCfg = Debug|x64
		{01DE8D17-899A-45C0-907C-CE9FABFFC184}.Debug|x64.Build.0 = Debug|x64
		{01DE8D17-899A-45C0-907C-CE9FABFFC184}.Debug|x86.ActiveCfg = Debug|x86
		{01DE8D17-899A-45C0-907C-CE9FABFFC184}.Debug|x86.Build.0 = Debug|x86
		{01DE8D17-899A-45C0-907C-CE9FABFFC184}.Release|x64.ActiveCfg = Release|x64
		{01DE8D17-899A-45C0-907C-CE9FABFFC184}.Release|x64.Build.0 = Release|x64
		{01DE8D17-899A-45C0-907C-CE9FABFFC184}.Release|x86.ActiveCfg = Release|x86
		{01DE8D17-899A-45C0-907C-CE9FABFFC184}.Release|x86.Build.0 = Release|x86
		{745404E0-59DE-420A-AF4C-EFF53251B761}.Debug|x64.ActiveCfg = Debug|x64
		{745404E0-59DE-420A-AF4C-EFF53251B761}.Debug|x64.Build.0 = Debug|x64
		{745404E0-59DE-420A-AF4C-EFF53251B761}.Debug|x86.ActiveCfg = Debug|x86
		{745404E0-59DE-420A-AF4C-EFF53251B761}.Debug|x86.Build.0 = Debug|x86
		{745404E0-59DE-420A-AF4C-EFF53251B761}.Release|x64.ActiveCfg = Release|x64
		{745404E0-59DE-420A-AF4C-EFF53251B761}.Release|x64.Build.0 = Release|x64
		{745404E0-59DE-420A-AF4C-EFF53251B761}.Release|x86.ActiveCfg = Release|x86
		{745404E0-59DE-420A-AF4C-EFF53251B761}.Release|x86.Build.0 = Release|x86
		{C2E6D347-DEDF-4CF0-B254-DEC9638F3B48}.Debug|x64.ActiveCfg = Debug|x64
		{C2E6D347-DEDF-4CF0-B254-DEC9638F3B48}.Debug|x64.Build.0 = Debug|x64
		{C2E6D347-DEDF-4CF0-B254-DEC9638F3B48}.Debug|x86.ActiveCfg = Debug|x86
		{C2E6D347-DEDF-4CF0-B254-DEC9638F3B48}.Debug|x86.Build.0 = Debug|x86
		{C2E6D347-DEDF-4CF0-B254-DEC9638F3B48}.Release|x64.ActiveCfg = Release|x64
		{C2E6D347-DEDF-4CF0-B254-DEC9638F3B48}.Release|x64.Build.0 = Release|x64
		{C2E6D347-DEDF-4CF0-B254-DEC9638F3B48}.Release|x86.ActiveCfg = Release|x86
		{C2E6D347-DEDF-4CF0-B254-DEC9638F3B48}.Release|x86.Build.0 = Release|x86
		{7979386C-6095-41EC-98BA-10DB979A384D}.Debug|x64.ActiveCfg = Debug|x64
		{7979386C-6095-41EC-98BA-10DB979A384D}.Debug|x64.Build.0 = Debug|x64
		{7979386C-6095-41EC-98BA-10DB979A384D}.Debug|x86.ActiveCfg = Debug|Win32
		{7979386C-6095-41EC-98BA-10DB979A384D}.Debug|x86.Build.0 = Debug|Win32
		{7979386C-6095-41EC-98BA-10DB979A384D}.Release|x64.ActiveCfg = Release|x64
		{7979386C-6095-41EC-98BA-10DB979A384D}.Release|x64.Build.0 = Release|x64
		{7979386C-6095-41EC-98BA-10DB979A384D}.Release|x86.ActiveCfg = Release|Win32
		{7979386C-6095-41EC-98BA-10DB979A384D}.Release|x86.Build.0 = Release|Win32
	EndGlobalSection
	GlobalSection(SolutionProperties) = preSolution
		HideSolutionNode = FALSE
	EndGlobalSection
	GlobalSection(ExtensibilityGlobals) = postSolution
		SolutionGuid = {32F7E9A1-C3BA-428C-BB76-F317CBAF99EA}
	EndGlobalSection
EndGlobal
